
Microsoft Visual Studio Solution File, Format Version 12.00
# Visual Studio 15
VisualStudioVersion = 15.0.26124.0
MinimumVisualStudioVersion = 15.0.26124.0
Project("{2150E333-8FDC-42A3-9474-1A3956D46DE8}") = "src", "src", "{6DB4F589-94D6-4D92-996A-F83D19166218}"
EndProject
Project("{9A19103F-16F7-4668-BE54-9A1E7A4F7556}") = "IdentityServer", "src\IdentityServer\IdentityServer.csproj", "{D88FBE61-A1BA-4665-B4BD-B48174A73477}"
EndProject
Project("{9A19103F-16F7-4668-BE54-9A1E7A4F7556}") = "Api", "src\Api\Api.csproj", "{49B1AD7D-3EA8-4665-8BD4-1B90EEA81276}"
EndProject
Project("{9A19103F-16F7-4668-BE54-9A1E7A4F7556}") = "Client", "src\Client\Client.csproj", "{98E6827F-D862-4EAA-8270-24917490200B}"
EndProject
Project("{FAE04EC0-301F-11D3-BF4B-00C04F79EFBC}") = "MVCClient", "src\MVCClient\MVCClient.csproj", "{29B4AADD-93FB-42DA-B957-DE0F90019DE7}"
EndProject
Project("{FAE04EC0-301F-11D3-BF4B-00C04F79EFBC}") = "JavascriptClient", "src\JavascriptClient\JavascriptClient.csproj", "{87E0E080-61E8-4976-96A1-EA6A2FB4C302}"
EndProject
Global
	GlobalSection(SolutionConfigurationPlatforms) = preSolution
		Debug|Any CPU = Debug|Any CPU
		Debug|x64 = Debug|x64
		Debug|x86 = Debug|x86
		Release|Any CPU = Release|Any CPU
		Release|x64 = Release|x64
		Release|x86 = Release|x86
	EndGlobalSection
	GlobalSection(ProjectConfigurationPlatforms) = postSolution
		{D88FBE61-A1BA-4665-B4BD-B48174A73477}.Debug|Any CPU.ActiveCfg = Debug|Any CPU
		{D88FBE61-A1BA-4665-B4BD-B48174A73477}.Debug|Any CPU.Build.0 = Debug|Any CPU
		{D88FBE61-A1BA-4665-B4BD-B48174A73477}.Debug|x64.ActiveCfg = Debug|Any CPU
		{D88FBE61-A1BA-4665-B4BD-B48174A73477}.Debug|x64.Build.0 = Debug|Any CPU
		{D88FBE61-A1BA-4665-B4BD-B48174A73477}.Debug|x86.ActiveCfg = Debug|Any CPU
		{D88FBE61-A1BA-4665-B4BD-B48174A73477}.Debug|x86.Build.0 = Debug|Any CPU
		{D88FBE61-A1BA-4665-B4BD-B48174A73477}.Release|Any CPU.ActiveCfg = Release|Any CPU
		{D88FBE61-A1BA-4665-B4BD-B48174A73477}.Release|Any CPU.Build.0 = Release|Any CPU
		{D88FBE61-A1BA-4665-B4BD-B48174A73477}.Release|x64.ActiveCfg = Release|Any CPU
		{D88FBE61-A1BA-4665-B4BD-B48174A73477}.Release|x64.Build.0 = Release|Any CPU
		{D88FBE61-A1BA-4665-B4BD-B48174A73477}.Release|x86.ActiveCfg = Release|Any CPU
		{D88FBE61-A1BA-4665-B4BD-B48174A73477}.Release|x86.Build.0 = Release|Any CPU
		{49B1AD7D-3EA8-4665-8BD4-1B90EEA81276}.Debug|Any CPU.ActiveCfg = Debug|Any CPU
		{49B1AD7D-3EA8-4665-8BD4-1B90EEA81276}.Debug|Any CPU.Build.0 = Debug|Any CPU
		{49B1AD7D-3EA8-4665-8BD4-1B90EEA81276}.Debug|x64.ActiveCfg = Debug|Any CPU
		{49B1AD7D-3EA8-4665-8BD4-1B90EEA81276}.Debug|x64.Build.0 = Debug|Any CPU
		{49B1AD7D-3EA8-4665-8BD4-1B90EEA81276}.Debug|x86.ActiveCfg = Debug|Any CPU
		{49B1AD7D-3EA8-4665-8BD4-1B90EEA81276}.Debug|x86.Build.0 = Debug|Any CPU
		{49B1AD7D-3EA8-4665-8BD4-1B90EEA81276}.Release|Any CPU.ActiveCfg = Release|Any CPU
		{49B1AD7D-3EA8-4665-8BD4-1B90EEA81276}.Release|Any CPU.Build.0 = Release|Any CPU
		{49B1AD7D-3EA8-4665-8BD4-1B90EEA81276}.Release|x64.ActiveCfg = Release|Any CPU
		{49B1AD7D-3EA8-4665-8BD4-1B90EEA81276}.Release|x64.Build.0 = Release|Any CPU
		{49B1AD7D-3EA8-4665-8BD4-1B90EEA81276}.Release|x86.ActiveCfg = Release|Any CPU
		{49B1AD7D-3EA8-4665-8BD4-1B90EEA81276}.Release|x86.Build.0 = Release|Any CPU
		{98E6827F-D862-4EAA-8270-24917490200B}.Debug|Any CPU.ActiveCfg = Debug|Any CPU
		{98E6827F-D862-4EAA-8270-24917490200B}.Debug|Any CPU.Build.0 = Debug|Any CPU
		{98E6827F-D862-4EAA-8270-24917490200B}.Debug|x64.ActiveCfg = Debug|Any CPU
		{98E6827F-D862-4EAA-8270-24917490200B}.Debug|x64.Build.0 = Debug|Any CPU
		{98E6827F-D862-4EAA-8270-24917490200B}.Debug|x86.ActiveCfg = Debug|Any CPU
		{98E6827F-D862-4EAA-8270-24917490200B}.Debug|x86.Build.0 = Debug|Any CPU
		{98E6827F-D862-4EAA-8270-24917490200B}.Release|Any CPU.ActiveCfg = Release|Any CPU
		{98E6827F-D862-4EAA-8270-24917490200B}.Release|Any CPU.Build.0 = Release|Any CPU
		{98E6827F-D862-4EAA-8270-24917490200B}.Release|x64.ActiveCfg = Release|Any CPU
		{98E6827F-D862-4EAA-8270-24917490200B}.Release|x64.Build.0 = Release|Any CPU
		{98E6827F-D862-4EAA-8270-24917490200B}.Release|x86.ActiveCfg = Release|Any CPU
		{98E6827F-D862-4EAA-8270-24917490200B}.Release|x86.Build.0 = Release|Any CPU
		{29B4AADD-93FB-42DA-B957-DE0F90019DE7}.Debug|Any CPU.ActiveCfg = Debug|Any CPU
		{29B4AADD-93FB-42DA-B957-DE0F90019DE7}.Debug|Any CPU.Build.0 = Debug|Any CPU
		{29B4AADD-93FB-42DA-B957-DE0F90019DE7}.Debug|x64.ActiveCfg = Debug|Any CPU
		{29B4AADD-93FB-42DA-B957-DE0F90019DE7}.Debug|x64.Build.0 = Debug|Any CPU
		{29B4AADD-93FB-42DA-B957-DE0F90019DE7}.Debug|x86.ActiveCfg = Debug|Any CPU
		{29B4AADD-93FB-42DA-B957-DE0F90019DE7}.Debug|x86.Build.0 = Debug|Any CPU
		{29B4AADD-93FB-42DA-B957-DE0F90019DE7}.Release|Any CPU.ActiveCfg = Release|Any CPU
		{29B4AADD-93FB-42DA-B957-DE0F90019DE7}.Release|Any CPU.Build.0 = Release|Any CPU
		{29B4AADD-93FB-42DA-B957-DE0F90019DE7}.Release|x64.ActiveCfg = Release|Any CPU
		{29B4AADD-93FB-42DA-B957-DE0F90019DE7}.Release|x64.Build.0 = Release|Any CPU
		{29B4AADD-93FB-42DA-B957-DE0F90019DE7}.Release|x86.ActiveCfg = Release|Any CPU
		{29B4AADD-93FB-42DA-B957-DE0F90019DE7}.Release|x86.Build.0 = Release|Any CPU
		{87E0E080-61E8-4976-96A1-EA6A2FB4C302}.Debug|Any CPU.ActiveCfg = Debug|Any CPU
		{87E0E080-61E8-4976-96A1-EA6A2FB4C302}.Debug|Any CPU.Build.0 = Debug|Any CPU
		{87E0E080-61E8-4976-96A1-EA6A2FB4C302}.Debug|x64.ActiveCfg = Debug|Any CPU
		{87E0E080-61E8-4976-96A1-EA6A2FB4C302}.Debug|x64.Build.0 = Debug|Any CPU
		{87E0E080-61E8-4976-96A1-EA6A2FB4C302}.Debug|x86.ActiveCfg = Debug|Any CPU
		{87E0E080-61E8-4976-96A1-EA6A2FB4C302}.Debug|x86.Build.0 = Debug|Any CPU
		{87E0E080-61E8-4976-96A1-EA6A2FB4C302}.Release|Any CPU.ActiveCfg = Release|Any CPU
		{87E0E080-61E8-4976-96A1-EA6A2FB4C302}.Release|Any CPU.Build.0 = Release|Any CPU
		{87E0E080-61E8-4976-96A1-EA6A2FB4C302}.Release|x64.ActiveCfg = Release|Any CPU
		{87E0E080-61E8-4976-96A1-EA6A2FB4C302}.Release|x64.Build.0 = Release|Any CPU
		{87E0E080-61E8-4976-96A1-EA6A2FB4C302}.Release|x86.ActiveCfg = Release|Any CPU
		{87E0E080-61E8-4976-96A1-EA6A2FB4C302}.Release|x86.Build.0 = Release|Any CPU
	EndGlobalSection
	GlobalSection(SolutionProperties) = preSolution
		HideSolutionNode = FALSE
	EndGlobalSection
	GlobalSection(NestedProjects) = preSolution
		{D88FBE61-A1BA-4665-B4BD-B48174A73477} = {6DB4F589-94D6-4D92-996A-F83D19166218}
		{49B1AD7D-3EA8-4665-8BD4-1B90EEA81276} = {6DB4F589-94D6-4D92-996A-F83D19166218}
		{98E6827F-D862-4EAA-8270-24917490200B} = {6DB4F589-94D6-4D92-996A-F83D19166218}
		{29B4AADD-93FB-42DA-B957-DE0F90019DE7} = {6DB4F589-94D6-4D92-996A-F83D19166218}
		{87E0E080-61E8-4976-96A1-EA6A2FB4C302} = {6DB4F589-94D6-4D92-996A-F83D19166218}
	EndGlobalSection
	GlobalSection(ExtensibilityGlobals) = postSolution
		SolutionGuid = {0448BD00-C59E-4877-9B07-3286FA1F1B34}
	EndGlobalSection
EndGlobal
