
Microsoft Visual Studio Solution File, Format Version 12.00
# Visual Studio 15
VisualStudioVersion = 15.0.26730.10
MinimumVisualStudioVersion = 10.0.40219.1
Project("{FAE04EC0-301F-11D3-BF4B-00C04F79EFBC}") = "WebApi", "WebApi\WebApi.csproj", "{A1007E9E-4498-42A1-A4C8-49FB917F3E76}"
EndProject
Project("{FAE04EC0-301F-11D3-BF4B-00C04F79EFBC}") = "WebAppClient", "WebAppClient\WebAppClient.csproj", "{6E520779-AA49-42F2-96EC-C12E01AB8B5B}"
EndProject
Global
	GlobalSection(SolutionConfigurationPlatforms) = preSolution
		Debug|Any CPU = Debug|Any CPU
		Release|Any CPU = Release|Any CPU
	EndGlobalSection
	GlobalSection(ProjectConfigurationPlatforms) = postSolution
		{A1007E9E-4498-42A1-A4C8-49FB917F3E76}.Debug|Any CPU.ActiveCfg = Debug|Any CPU
		{A1007E9E-4498-42A1-A4C8-49FB917F3E76}.Debug|Any CPU.Build.0 = Debug|Any CPU
		{A1007E9E-4498-42A1-A4C8-49FB917F3E76}.Release|Any CPU.ActiveCfg = Release|Any CPU
		{A1007E9E-4498-42A1-A4C8-49FB917F3E76}.Release|Any CPU.Build.0 = Release|Any CPU
		{6E520779-AA49-42F2-96EC-C12E01AB8B5B}.Debug|Any CPU.ActiveCfg = Debug|Any CPU
		{6E520779-AA49-42F2-96EC-C12E01AB8B5B}.Debug|Any CPU.Build.0 = Debug|Any CPU
		{6E520779-AA49-42F2-96EC-C12E01AB8B5B}.Release|Any CPU.ActiveCfg = Release|Any CPU
		{6E520779-AA49-42F2-96EC-C12E01AB8B5B}.Release|Any CPU.Build.0 = Release|Any CPU
	EndGlobalSection
	GlobalSection(SolutionProperties) = preSolution
		HideSolutionNode = FALSE
	EndGlobalSection
	GlobalSection(ExtensibilityGlobals) = postSolution
		SolutionGuid = {EC7A0260-8B8E-4E24-A799-AD5F35E2F9F3}
	EndGlobalSection
EndGlobal
