
Microsoft Visual Studio Solution File, Format Version 12.00
# Visual Studio 2013
VisualStudioVersion = 12.0.31101.0
MinimumVisualStudioVersion = 10.0.40219.1
Project("{FAE04EC0-301F-11D3-BF4B-00C04F79EFBC}") = "Sender", "Helloworld\Sender\Sender.csproj", "{55821585-2DC7-409A-9FD1-B291F9BA078A}"
EndProject
Project("{FAE04EC0-301F-11D3-BF4B-00C04F79EFBC}") = "Reciver", "Helloworld\Reciver\Reciver.csproj", "{88412866-D73B-43A2-8C71-410E6129010A}"
EndProject
Project("{2150E333-8FDC-42A3-9474-1A3956D46DE8}") = "Helloworld", "Helloworld", "{FEB5600A-0D7B-4B20-8B89-7F8A4BF1C6E4}"
EndProject
Project("{2150E333-8FDC-42A3-9474-1A3956D46DE8}") = "WorkQueues", "WorkQueues", "{D91F7610-7559-4216-B387-A7A7110D28FC}"
EndProject
Project("{FAE04EC0-301F-11D3-BF4B-00C04F79EFBC}") = "NewTask", "WorkQueues\NewTask\NewTask.csproj", "{09B2F85E-D108-4DCA-94CE-CCC4238D9526}"
EndProject
Project("{FAE04EC0-301F-11D3-BF4B-00C04F79EFBC}") = "Worker", "WorkQueues\Worker\Worker.csproj", "{9C065FA1-FF52-4BE1-9C16-7EE7249EAA33}"
EndProject
Project("{2150E333-8FDC-42A3-9474-1A3956D46DE8}") = "PubSub", "PubSub", "{3D21E640-61E5-495C-AEB1-37573E349CB8}"
EndProject
Project("{FAE04EC0-301F-11D3-BF4B-00C04F79EFBC}") = "EmitLog", "PubSub\EmitLog\EmitLog.csproj", "{ACABB9FA-AFCC-471D-A52D-E25FEFA95157}"
EndProject
Project("{FAE04EC0-301F-11D3-BF4B-00C04F79EFBC}") = "ReceiveLog", "PubSub\ReceiveLog\ReceiveLog.csproj", "{73D93268-EF6F-48F8-A8D8-9F207DF0C7BC}"
EndProject
Project("{2150E333-8FDC-42A3-9474-1A3956D46DE8}") = "Routing", "Routing", "{090D02A9-ACD6-4B75-9C61-70A8B77906D2}"
EndProject
Project("{FAE04EC0-301F-11D3-BF4B-00C04F79EFBC}") = "EmitLogDirect", "Routing\EmitLogDirect\EmitLogDirect.csproj", "{18DB99AA-6188-4D46-9050-1A35D412F663}"
EndProject
Project("{FAE04EC0-301F-11D3-BF4B-00C04F79EFBC}") = "ReceiveLogsDirect", "Routing\ReceiveLogsDirect\ReceiveLogsDirect.csproj", "{530645A0-63EF-4A8B-BF07-D58D1EFD639D}"
EndProject
Global
	GlobalSection(SolutionConfigurationPlatforms) = preSolution
		Debug|Any CPU = Debug|Any CPU
		Release|Any CPU = Release|Any CPU
	EndGlobalSection
	GlobalSection(ProjectConfigurationPlatforms) = postSolution
		{55821585-2DC7-409A-9FD1-B291F9BA078A}.Debug|Any CPU.ActiveCfg = Debug|Any CPU
		{55821585-2DC7-409A-9FD1-B291F9BA078A}.Debug|Any CPU.Build.0 = Debug|Any CPU
		{55821585-2DC7-409A-9FD1-B291F9BA078A}.Release|Any CPU.ActiveCfg = Release|Any CPU
		{55821585-2DC7-409A-9FD1-B291F9BA078A}.Release|Any CPU.Build.0 = Release|Any CPU
		{88412866-D73B-43A2-8C71-410E6129010A}.Debug|Any CPU.ActiveCfg = Debug|Any CPU
		{88412866-D73B-43A2-8C71-410E6129010A}.Debug|Any CPU.Build.0 = Debug|Any CPU
		{88412866-D73B-43A2-8C71-410E6129010A}.Release|Any CPU.ActiveCfg = Release|Any CPU
		{88412866-D73B-43A2-8C71-410E6129010A}.Release|Any CPU.Build.0 = Release|Any CPU
		{09B2F85E-D108-4DCA-94CE-CCC4238D9526}.Debug|Any CPU.ActiveCfg = Debug|Any CPU
		{09B2F85E-D108-4DCA-94CE-CCC4238D9526}.Debug|Any CPU.Build.0 = Debug|Any CPU
		{09B2F85E-D108-4DCA-94CE-CCC4238D9526}.Release|Any CPU.ActiveCfg = Release|Any CPU
		{09B2F85E-D108-4DCA-94CE-CCC4238D9526}.Release|Any CPU.Build.0 = Release|Any CPU
		{9C065FA1-FF52-4BE1-9C16-7EE7249EAA33}.Debug|Any CPU.ActiveCfg = Debug|Any CPU
		{9C065FA1-FF52-4BE1-9C16-7EE7249EAA33}.Debug|Any CPU.Build.0 = Debug|Any CPU
		{9C065FA1-FF52-4BE1-9C16-7EE7249EAA33}.Release|Any CPU.ActiveCfg = Release|Any CPU
		{9C065FA1-FF52-4BE1-9C16-7EE7249EAA33}.Release|Any CPU.Build.0 = Release|Any CPU
		{ACABB9FA-AFCC-471D-A52D-E25FEFA95157}.Debug|Any CPU.ActiveCfg = Debug|Any CPU
		{ACABB9FA-AFCC-471D-A52D-E25FEFA95157}.Debug|Any CPU.Build.0 = Debug|Any CPU
		{ACABB9FA-AFCC-471D-A52D-E25FEFA95157}.Release|Any CPU.ActiveCfg = Release|Any CPU
		{ACABB9FA-AFCC-471D-A52D-E25FEFA95157}.Release|Any CPU.Build.0 = Release|Any CPU
		{73D93268-EF6F-48F8-A8D8-9F207DF0C7BC}.Debug|Any CPU.ActiveCfg = Debug|Any CPU
		{73D93268-EF6F-48F8-A8D8-9F207DF0C7BC}.Debug|Any CPU.Build.0 = Debug|Any CPU
		{73D93268-EF6F-48F8-A8D8-9F207DF0C7BC}.Release|Any CPU.ActiveCfg = Release|Any CPU
		{73D93268-EF6F-48F8-A8D8-9F207DF0C7BC}.Release|Any CPU.Build.0 = Release|Any CPU
		{18DB99AA-6188-4D46-9050-1A35D412F663}.Debug|Any CPU.ActiveCfg = Debug|Any CPU
		{18DB99AA-6188-4D46-9050-1A35D412F663}.Debug|Any CPU.Build.0 = Debug|Any CPU
		{18DB99AA-6188-4D46-9050-1A35D412F663}.Release|Any CPU.ActiveCfg = Release|Any CPU
		{18DB99AA-6188-4D46-9050-1A35D412F663}.Release|Any CPU.Build.0 = Release|Any CPU
		{530645A0-63EF-4A8B-BF07-D58D1EFD639D}.Debug|Any CPU.ActiveCfg = Debug|Any CPU
		{530645A0-63EF-4A8B-BF07-D58D1EFD639D}.Debug|Any CPU.Build.0 = Debug|Any CPU
		{530645A0-63EF-4A8B-BF07-D58D1EFD639D}.Release|Any CPU.ActiveCfg = Release|Any CPU
		{530645A0-63EF-4A8B-BF07-D58D1EFD639D}.Release|Any CPU.Build.0 = Release|Any CPU
	EndGlobalSection
	GlobalSection(SolutionProperties) = preSolution
		HideSolutionNode = FALSE
	EndGlobalSection
	GlobalSection(NestedProjects) = preSolution
		{55821585-2DC7-409A-9FD1-B291F9BA078A} = {FEB5600A-0D7B-4B20-8B89-7F8A4BF1C6E4}
		{88412866-D73B-43A2-8C71-410E6129010A} = {FEB5600A-0D7B-4B20-8B89-7F8A4BF1C6E4}
		{09B2F85E-D108-4DCA-94CE-CCC4238D9526} = {D91F7610-7559-4216-B387-A7A7110D28FC}
		{9C065FA1-FF52-4BE1-9C16-7EE7249EAA33} = {D91F7610-7559-4216-B387-A7A7110D28FC}
		{ACABB9FA-AFCC-471D-A52D-E25FEFA95157} = {3D21E640-61E5-495C-AEB1-37573E349CB8}
		{73D93268-EF6F-48F8-A8D8-9F207DF0C7BC} = {3D21E640-61E5-495C-AEB1-37573E349CB8}
		{18DB99AA-6188-4D46-9050-1A35D412F663} = {090D02A9-ACD6-4B75-9C61-70A8B77906D2}
		{530645A0-63EF-4A8B-BF07-D58D1EFD639D} = {090D02A9-ACD6-4B75-9C61-70A8B77906D2}
	EndGlobalSection
EndGlobal
