
Microsoft Visual Studio Solution File, Format Version 12.00
# Visual Studio 2013
VisualStudioVersion = 12.0.31101.0
MinimumVisualStudioVersion = 10.0.40219.1
Project("{FAE04EC0-301F-11D3-BF4B-00C04F79EFBC}") = "ZerocICE.Server", "ZerocICE.Server\ZerocICE.Server.csproj", "{7BF34AF9-E44C-494B-9B6C-7D449D329125}"
EndProject
Project("{FAE04EC0-301F-11D3-BF4B-00C04F79EFBC}") = "ZerocICE.Common", "ZerocICE.Common\ZerocICE.Common.csproj", "{FF4A1AAC-52D7-4AAA-89DF-8FA4F984E7D8}"
EndProject
Project("{FAE04EC0-301F-11D3-BF4B-00C04F79EFBC}") = "ZerocICE.Client", "ZerocICE.Client\ZerocICE.Client.csproj", "{FCAE613A-3AB3-409F-A852-7CA10FBF4A45}"
EndProject
Global
	GlobalSection(SolutionConfigurationPlatforms) = preSolution
		Debug|Any CPU = Debug|Any CPU
		Release|Any CPU = Release|Any CPU
	EndGlobalSection
	GlobalSection(ProjectConfigurationPlatforms) = postSolution
		{7BF34AF9-E44C-494B-9B6C-7D449D329125}.Debug|Any CPU.ActiveCfg = Debug|Any CPU
		{7BF34AF9-E44C-494B-9B6C-7D449D329125}.Debug|Any CPU.Build.0 = Debug|Any CPU
		{7BF34AF9-E44C-494B-9B6C-7D449D329125}.Release|Any CPU.ActiveCfg = Release|Any CPU
		{7BF34AF9-E44C-494B-9B6C-7D449D329125}.Release|Any CPU.Build.0 = Release|Any CPU
		{FF4A1AAC-52D7-4AAA-89DF-8FA4F984E7D8}.Debug|Any CPU.ActiveCfg = Debug|Any CPU
		{FF4A1AAC-52D7-4AAA-89DF-8FA4F984E7D8}.Debug|Any CPU.Build.0 = Debug|Any CPU
		{FF4A1AAC-52D7-4AAA-89DF-8FA4F984E7D8}.Release|Any CPU.ActiveCfg = Release|Any CPU
		{FF4A1AAC-52D7-4AAA-89DF-8FA4F984E7D8}.Release|Any CPU.Build.0 = Release|Any CPU
		{FCAE613A-3AB3-409F-A852-7CA10FBF4A45}.Debug|Any CPU.ActiveCfg = Debug|Any CPU
		{FCAE613A-3AB3-409F-A852-7CA10FBF4A45}.Debug|Any CPU.Build.0 = Debug|Any CPU
		{FCAE613A-3AB3-409F-A852-7CA10FBF4A45}.Release|Any CPU.ActiveCfg = Release|Any CPU
		{FCAE613A-3AB3-409F-A852-7CA10FBF4A45}.Release|Any CPU.Build.0 = Release|Any CPU
	EndGlobalSection
	GlobalSection(SolutionProperties) = preSolution
		HideSolutionNode = FALSE
	EndGlobalSection
EndGlobal
