
Microsoft Visual Studio Solution File, Format Version 12.00
# Visual Studio 15
VisualStudioVersion = 15.0.26430.16
MinimumVisualStudioVersion = 10.0.40219.1
Project("{9A19103F-16F7-4668-BE54-9A1E7A4F7556}") = "WebApp", "WebApp\WebApp.csproj", "{A2D630A3-3BE7-4FC4-8290-4C57C4C67BEE}"
EndProject
Project("{9A19103F-16F7-4668-BE54-9A1E7A4F7556}") = "WebAppWithDb", "WebAppWithDb\WebAppWithDb.csproj", "{2F050E0A-55E8-4897-93B3-5BC884BC1BC8}"
EndProject
Project("{9A19103F-16F7-4668-BE54-9A1E7A4F7556}") = "WebApp.Tests", "WebApp.Tests\WebApp.Tests.csproj", "{93EBC421-C742-4363-A193-F5185CB88C96}"
EndProject
Project("{FAE04EC0-301F-11D3-BF4B-00C04F79EFBC}") = "HealthChecksDemo", "HealthChecksDemo\HealthChecksDemo.csproj", "{9C1946F6-7EB0-425B-88F3-CAF3289C9A93}"
EndProject
Global
	GlobalSection(SolutionConfigurationPlatforms) = preSolution
		Debug|Any CPU = Debug|Any CPU
		Release|Any CPU = Release|Any CPU
	EndGlobalSection
	GlobalSection(ProjectConfigurationPlatforms) = postSolution
		{A2D630A3-3BE7-4FC4-8290-4C57C4C67BEE}.Debug|Any CPU.ActiveCfg = Debug|Any CPU
		{A2D630A3-3BE7-4FC4-8290-4C57C4C67BEE}.Debug|Any CPU.Build.0 = Debug|Any CPU
		{A2D630A3-3BE7-4FC4-8290-4C57C4C67BEE}.Release|Any CPU.ActiveCfg = Release|Any CPU
		{A2D630A3-3BE7-4FC4-8290-4C57C4C67BEE}.Release|Any CPU.Build.0 = Release|Any CPU
		{2F050E0A-55E8-4897-93B3-5BC884BC1BC8}.Debug|Any CPU.ActiveCfg = Debug|Any CPU
		{2F050E0A-55E8-4897-93B3-5BC884BC1BC8}.Debug|Any CPU.Build.0 = Debug|Any CPU
		{2F050E0A-55E8-4897-93B3-5BC884BC1BC8}.Release|Any CPU.ActiveCfg = Release|Any CPU
		{2F050E0A-55E8-4897-93B3-5BC884BC1BC8}.Release|Any CPU.Build.0 = Release|Any CPU
		{93EBC421-C742-4363-A193-F5185CB88C96}.Debug|Any CPU.ActiveCfg = Debug|Any CPU
		{93EBC421-C742-4363-A193-F5185CB88C96}.Debug|Any CPU.Build.0 = Debug|Any CPU
		{93EBC421-C742-4363-A193-F5185CB88C96}.Release|Any CPU.ActiveCfg = Release|Any CPU
		{93EBC421-C742-4363-A193-F5185CB88C96}.Release|Any CPU.Build.0 = Release|Any CPU
		{9C1946F6-7EB0-425B-88F3-CAF3289C9A93}.Debug|Any CPU.ActiveCfg = Debug|Any CPU
		{9C1946F6-7EB0-425B-88F3-CAF3289C9A93}.Debug|Any CPU.Build.0 = Debug|Any CPU
		{9C1946F6-7EB0-425B-88F3-CAF3289C9A93}.Release|Any CPU.ActiveCfg = Release|Any CPU
		{9C1946F6-7EB0-425B-88F3-CAF3289C9A93}.Release|Any CPU.Build.0 = Release|Any CPU
	EndGlobalSection
	GlobalSection(SolutionProperties) = preSolution
		HideSolutionNode = FALSE
	EndGlobalSection
	GlobalSection(ExtensibilityGlobals) = postSolution
		SolutionGuid = {B5B0A3E7-FBA3-4F3D-B12B-99C99C8F37AD}
	EndGlobalSection
EndGlobal
