
Microsoft Visual Studio Solution File, Format Version 12.00
# Visual Studio 2013
VisualStudioVersion = 12.0.31101.0
MinimumVisualStudioVersion = 10.0.40219.1
Project("{FAE04EC0-301F-11D3-BF4B-00C04F79EFBC}") = "Data", "Data\Data.csproj", "{079F35BC-502E-42D5-82CC-64D451F32846}"
EndProject
Project("{FAE04EC0-301F-11D3-BF4B-00C04F79EFBC}") = "Model", "Model\Model.csproj", "{A9CF54E0-70A2-4458-B0A2-8469F213D7EF}"
EndProject
Project("{FAE04EC0-301F-11D3-BF4B-00C04F79EFBC}") = "Data.Test", "Data.Test\Data.Test.csproj", "{2F35EA64-8F0E-4E07-BB70-80D909815BE2}"
EndProject
Global
	GlobalSection(SolutionConfigurationPlatforms) = preSolution
		Debug|Any CPU = Debug|Any CPU
		Release|Any CPU = Release|Any CPU
	EndGlobalSection
	GlobalSection(ProjectConfigurationPlatforms) = postSolution
		{079F35BC-502E-42D5-82CC-64D451F32846}.Debug|Any CPU.ActiveCfg = Debug|Any CPU
		{079F35BC-502E-42D5-82CC-64D451F32846}.Debug|Any CPU.Build.0 = Debug|Any CPU
		{079F35BC-502E-42D5-82CC-64D451F32846}.Release|Any CPU.ActiveCfg = Release|Any CPU
		{079F35BC-502E-42D5-82CC-64D451F32846}.Release|Any CPU.Build.0 = Release|Any CPU
		{A9CF54E0-70A2-4458-B0A2-8469F213D7EF}.Debug|Any CPU.ActiveCfg = Debug|Any CPU
		{A9CF54E0-70A2-4458-B0A2-8469F213D7EF}.Debug|Any CPU.Build.0 = Debug|Any CPU
		{A9CF54E0-70A2-4458-B0A2-8469F213D7EF}.Release|Any CPU.ActiveCfg = Release|Any CPU
		{A9CF54E0-70A2-4458-B0A2-8469F213D7EF}.Release|Any CPU.Build.0 = Release|Any CPU
		{2F35EA64-8F0E-4E07-BB70-80D909815BE2}.Debug|Any CPU.ActiveCfg = Debug|Any CPU
		{2F35EA64-8F0E-4E07-BB70-80D909815BE2}.Debug|Any CPU.Build.0 = Debug|Any CPU
		{2F35EA64-8F0E-4E07-BB70-80D909815BE2}.Release|Any CPU.ActiveCfg = Release|Any CPU
		{2F35EA64-8F0E-4E07-BB70-80D909815BE2}.Release|Any CPU.Build.0 = Release|Any CPU
	EndGlobalSection
	GlobalSection(SolutionProperties) = preSolution
		HideSolutionNode = FALSE
	EndGlobalSection
EndGlobal
