
Microsoft Visual Studio Solution File, Format Version 12.00
# Visual Studio 15
VisualStudioVersion = 15.0.26730.10
MinimumVisualStudioVersion = 10.0.40219.1
Project("{FAE04EC0-301F-11D3-BF4B-00C04F79EFBC}") = "WebApi", "WebApi\WebApi.csproj", "{17F94099-B264-442F-8693-03FE3649E579}"
EndProject
Project("{FAE04EC0-301F-11D3-BF4B-00C04F79EFBC}") = "ConsoleApp", "ConsoleApp\ConsoleApp.csproj", "{0A0A39C6-1FC2-4169-A283-B9796CE14D29}"
EndProject
Global
	GlobalSection(SolutionConfigurationPlatforms) = preSolution
		Debug|Any CPU = Debug|Any CPU
		Release|Any CPU = Release|Any CPU
	EndGlobalSection
	GlobalSection(ProjectConfigurationPlatforms) = postSolution
		{17F94099-B264-442F-8693-03FE3649E579}.Debug|Any CPU.ActiveCfg = Debug|Any CPU
		{17F94099-B264-442F-8693-03FE3649E579}.Debug|Any CPU.Build.0 = Debug|Any CPU
		{17F94099-B264-442F-8693-03FE3649E579}.Release|Any CPU.ActiveCfg = Release|Any CPU
		{17F94099-B264-442F-8693-03FE3649E579}.Release|Any CPU.Build.0 = Release|Any CPU
		{0A0A39C6-1FC2-4169-A283-B9796CE14D29}.Debug|Any CPU.ActiveCfg = Debug|Any CPU
		{0A0A39C6-1FC2-4169-A283-B9796CE14D29}.Debug|Any CPU.Build.0 = Debug|Any CPU
		{0A0A39C6-1FC2-4169-A283-B9796CE14D29}.Release|Any CPU.ActiveCfg = Release|Any CPU
		{0A0A39C6-1FC2-4169-A283-B9796CE14D29}.Release|Any CPU.Build.0 = Release|Any CPU
	EndGlobalSection
	GlobalSection(SolutionProperties) = preSolution
		HideSolutionNode = FALSE
	EndGlobalSection
	GlobalSection(ExtensibilityGlobals) = postSolution
		SolutionGuid = {180288B1-4493-420A-B9F6-147C2F7E61AD}
	EndGlobalSection
EndGlobal
