
Microsoft Visual Studio Solution File, Format Version 12.00
# Visual Studio 14
VisualStudioVersion = 14.0.25420.1
MinimumVisualStudioVersion = 10.0.40219.1
Project("{FAE04EC0-301F-11D3-BF4B-00C04F79EFBC}") = "ConsoleApp", "ConsoleApp\ConsoleApp.csproj", "{D1AF6E11-D26A-49BB-B0CE-285C0CA9603C}"
EndProject
Project("{FAE04EC0-301F-11D3-BF4B-00C04F79EFBC}") = "AopConsoleApp", "AopConsoleApp\AopConsoleApp.csproj", "{E33E1025-2D11-4A08-8D07-0EE4F8FFF64A}"
EndProject
Project("{FAE04EC0-301F-11D3-BF4B-00C04F79EFBC}") = "Services", "Services\Services.csproj", "{3AA38DC6-D521-46DF-B7A7-019ACFAA4811}"
EndProject
Project("{FAE04EC0-301F-11D3-BF4B-00C04F79EFBC}") = "ConsoleApp2", "ConsoleApp2\ConsoleApp2.csproj", "{BCB55883-152E-467B-B042-75FD73887B97}"
EndProject
Project("{FAE04EC0-301F-11D3-BF4B-00C04F79EFBC}") = "WebApp", "WebApp\WebApp.csproj", "{EEFFE103-261E-4599-A37A-CEFDABF49993}"
EndProject
Project("{FAE04EC0-301F-11D3-BF4B-00C04F79EFBC}") = "CtorInject", "CtorInject\CtorInject.csproj", "{D025A0E6-6793-4F21-8DE1-1D205E3BFF6A}"
EndProject
Global
	GlobalSection(SolutionConfigurationPlatforms) = preSolution
		Debug|Any CPU = Debug|Any CPU
		Release|Any CPU = Release|Any CPU
	EndGlobalSection
	GlobalSection(ProjectConfigurationPlatforms) = postSolution
		{D1AF6E11-D26A-49BB-B0CE-285C0CA9603C}.Debug|Any CPU.ActiveCfg = Debug|Any CPU
		{D1AF6E11-D26A-49BB-B0CE-285C0CA9603C}.Debug|Any CPU.Build.0 = Debug|Any CPU
		{D1AF6E11-D26A-49BB-B0CE-285C0CA9603C}.Release|Any CPU.ActiveCfg = Release|Any CPU
		{D1AF6E11-D26A-49BB-B0CE-285C0CA9603C}.Release|Any CPU.Build.0 = Release|Any CPU
		{E33E1025-2D11-4A08-8D07-0EE4F8FFF64A}.Debug|Any CPU.ActiveCfg = Debug|Any CPU
		{E33E1025-2D11-4A08-8D07-0EE4F8FFF64A}.Debug|Any CPU.Build.0 = Debug|Any CPU
		{E33E1025-2D11-4A08-8D07-0EE4F8FFF64A}.Release|Any CPU.ActiveCfg = Release|Any CPU
		{E33E1025-2D11-4A08-8D07-0EE4F8FFF64A}.Release|Any CPU.Build.0 = Release|Any CPU
		{3AA38DC6-D521-46DF-B7A7-019ACFAA4811}.Debug|Any CPU.ActiveCfg = Debug|Any CPU
		{3AA38DC6-D521-46DF-B7A7-019ACFAA4811}.Debug|Any CPU.Build.0 = Debug|Any CPU
		{3AA38DC6-D521-46DF-B7A7-019ACFAA4811}.Release|Any CPU.ActiveCfg = Release|Any CPU
		{3AA38DC6-D521-46DF-B7A7-019ACFAA4811}.Release|Any CPU.Build.0 = Release|Any CPU
		{BCB55883-152E-467B-B042-75FD73887B97}.Debug|Any CPU.ActiveCfg = Debug|Any CPU
		{BCB55883-152E-467B-B042-75FD73887B97}.Debug|Any CPU.Build.0 = Debug|Any CPU
		{BCB55883-152E-467B-B042-75FD73887B97}.Release|Any CPU.ActiveCfg = Release|Any CPU
		{BCB55883-152E-467B-B042-75FD73887B97}.Release|Any CPU.Build.0 = Release|Any CPU
		{EEFFE103-261E-4599-A37A-CEFDABF49993}.Debug|Any CPU.ActiveCfg = Debug|Any CPU
		{EEFFE103-261E-4599-A37A-CEFDABF49993}.Debug|Any CPU.Build.0 = Debug|Any CPU
		{EEFFE103-261E-4599-A37A-CEFDABF49993}.Release|Any CPU.ActiveCfg = Release|Any CPU
		{EEFFE103-261E-4599-A37A-CEFDABF49993}.Release|Any CPU.Build.0 = Release|Any CPU
		{D025A0E6-6793-4F21-8DE1-1D205E3BFF6A}.Debug|Any CPU.ActiveCfg = Debug|Any CPU
		{D025A0E6-6793-4F21-8DE1-1D205E3BFF6A}.Debug|Any CPU.Build.0 = Debug|Any CPU
		{D025A0E6-6793-4F21-8DE1-1D205E3BFF6A}.Release|Any CPU.ActiveCfg = Release|Any CPU
		{D025A0E6-6793-4F21-8DE1-1D205E3BFF6A}.Release|Any CPU.Build.0 = Release|Any CPU
	EndGlobalSection
	GlobalSection(SolutionProperties) = preSolution
		HideSolutionNode = FALSE
	EndGlobalSection
EndGlobal
