
Microsoft Visual Studio Solution File, Format Version 12.00
# Visual Studio 15
VisualStudioVersion = 15.0.27703.2026
MinimumVisualStudioVersion = 10.0.40219.1
Project("{FAE04EC0-301F-11D3-BF4B-00C04F79EFBC}") = "Identity", "Identity\Identity.csproj", "{018D1901-D497-4FD4-BA9B-45897CEE4E48}"
EndProject
Project("{FAE04EC0-301F-11D3-BF4B-00C04F79EFBC}") = "WebApp", "WebApp\WebApp.csproj", "{9908C660-2A56-4FF9-A054-152045613C8F}"
EndProject
Project("{FAE04EC0-301F-11D3-BF4B-00C04F79EFBC}") = "Client", "Client\Client.csproj", "{E7DF97EC-3AA7-48A3-8097-7D9718C5BA33}"
EndProject
Global
	GlobalSection(SolutionConfigurationPlatforms) = preSolution
		Debug|Any CPU = Debug|Any CPU
		Release|Any CPU = Release|Any CPU
	EndGlobalSection
	GlobalSection(ProjectConfigurationPlatforms) = postSolution
		{018D1901-D497-4FD4-BA9B-45897CEE4E48}.Debug|Any CPU.ActiveCfg = Debug|Any CPU
		{018D1901-D497-4FD4-BA9B-45897CEE4E48}.Debug|Any CPU.Build.0 = Debug|Any CPU
		{018D1901-D497-4FD4-BA9B-45897CEE4E48}.Release|Any CPU.ActiveCfg = Release|Any CPU
		{018D1901-D497-4FD4-BA9B-45897CEE4E48}.Release|Any CPU.Build.0 = Release|Any CPU
		{9908C660-2A56-4FF9-A054-152045613C8F}.Debug|Any CPU.ActiveCfg = Debug|Any CPU
		{9908C660-2A56-4FF9-A054-152045613C8F}.Debug|Any CPU.Build.0 = Debug|Any CPU
		{9908C660-2A56-4FF9-A054-152045613C8F}.Release|Any CPU.ActiveCfg = Release|Any CPU
		{9908C660-2A56-4FF9-A054-152045613C8F}.Release|Any CPU.Build.0 = Release|Any CPU
		{E7DF97EC-3AA7-48A3-8097-7D9718C5BA33}.Debug|Any CPU.ActiveCfg = Debug|Any CPU
		{E7DF97EC-3AA7-48A3-8097-7D9718C5BA33}.Debug|Any CPU.Build.0 = Debug|Any CPU
		{E7DF97EC-3AA7-48A3-8097-7D9718C5BA33}.Release|Any CPU.ActiveCfg = Release|Any CPU
		{E7DF97EC-3AA7-48A3-8097-7D9718C5BA33}.Release|Any CPU.Build.0 = Release|Any CPU
	EndGlobalSection
	GlobalSection(SolutionProperties) = preSolution
		HideSolutionNode = FALSE
	EndGlobalSection
	GlobalSection(ExtensibilityGlobals) = postSolution
		SolutionGuid = {E90E2DE1-B0BB-4121-9864-E605E4686742}
	EndGlobalSection
EndGlobal
