
Microsoft Visual Studio Solution File, Format Version 12.00
# Visual Studio 2013
VisualStudioVersion = 12.0.31101.0
MinimumVisualStudioVersion = 10.0.40219.1
Project("{2150E333-8FDC-42A3-9474-1A3956D46DE8}") = "Product", "Product", "{54DD0AFE-7C27-4D67-B7B6-19571EA58548}"
EndProject
Project("{FAE04EC0-301F-11D3-BF4B-00C04F79EFBC}") = "MS.ProductAPI", "ProductAPI\MS.ProductAPI.csproj", "{240BE36D-14CE-41E2-9A36-6EACAE61D916}"
EndProject
Project("{2150E333-8FDC-42A3-9474-1A3956D46DE8}") = "Order", "Order", "{A23A4292-92C6-40AE-9B5D-B4AF6CF7B7F7}"
EndProject
Project("{FAE04EC0-301F-11D3-BF4B-00C04F79EFBC}") = "MS.OrderAPI", "OrderAPI\MS.OrderAPI.csproj", "{C5E2F57B-6E84-4F70-9D90-A8B411D99EB7}"
EndProject
Project("{2150E333-8FDC-42A3-9474-1A3956D46DE8}") = "Infrastructure", "Infrastructure", "{DED72F13-F55B-4046-9FEA-A8460498A862}"
EndProject
Project("{FAE04EC0-301F-11D3-BF4B-00C04F79EFBC}") = "MS.Infrastructure", "MS.Infrastructure\MS.Infrastructure.csproj", "{A358339D-7E70-4748-BA41-D3B2CC06AE86}"
EndProject
Project("{2150E333-8FDC-42A3-9474-1A3956D46DE8}") = "Client", "Client", "{98609C6A-2C10-4D5C-ADF6-00C6F2D5DBA8}"
EndProject
Project("{FAE04EC0-301F-11D3-BF4B-00C04F79EFBC}") = "MS.Client", "MS.Client\MS.Client.csproj", "{57F493F0-2BB6-4F2D-A763-F0B4568D045E}"
EndProject
Project("{FAE04EC0-301F-11D3-BF4B-00C04F79EFBC}") = "MS.Framework", "MS.Framework\MS.Framework.csproj", "{005DA744-652C-4137-821E-CD2ADF92A7D6}"
EndProject
Global
	GlobalSection(SolutionConfigurationPlatforms) = preSolution
		Debug|Any CPU = Debug|Any CPU
		Release|Any CPU = Release|Any CPU
	EndGlobalSection
	GlobalSection(ProjectConfigurationPlatforms) = postSolution
		{240BE36D-14CE-41E2-9A36-6EACAE61D916}.Debug|Any CPU.ActiveCfg = Debug|Any CPU
		{240BE36D-14CE-41E2-9A36-6EACAE61D916}.Debug|Any CPU.Build.0 = Debug|Any CPU
		{240BE36D-14CE-41E2-9A36-6EACAE61D916}.Release|Any CPU.ActiveCfg = Release|Any CPU
		{240BE36D-14CE-41E2-9A36-6EACAE61D916}.Release|Any CPU.Build.0 = Release|Any CPU
		{C5E2F57B-6E84-4F70-9D90-A8B411D99EB7}.Debug|Any CPU.ActiveCfg = Debug|Any CPU
		{C5E2F57B-6E84-4F70-9D90-A8B411D99EB7}.Debug|Any CPU.Build.0 = Debug|Any CPU
		{C5E2F57B-6E84-4F70-9D90-A8B411D99EB7}.Release|Any CPU.ActiveCfg = Release|Any CPU
		{C5E2F57B-6E84-4F70-9D90-A8B411D99EB7}.Release|Any CPU.Build.0 = Release|Any CPU
		{A358339D-7E70-4748-BA41-D3B2CC06AE86}.Debug|Any CPU.ActiveCfg = Debug|Any CPU
		{A358339D-7E70-4748-BA41-D3B2CC06AE86}.Debug|Any CPU.Build.0 = Debug|Any CPU
		{A358339D-7E70-4748-BA41-D3B2CC06AE86}.Release|Any CPU.ActiveCfg = Release|Any CPU
		{A358339D-7E70-4748-BA41-D3B2CC06AE86}.Release|Any CPU.Build.0 = Release|Any CPU
		{57F493F0-2BB6-4F2D-A763-F0B4568D045E}.Debug|Any CPU.ActiveCfg = Debug|Any CPU
		{57F493F0-2BB6-4F2D-A763-F0B4568D045E}.Debug|Any CPU.Build.0 = Debug|Any CPU
		{57F493F0-2BB6-4F2D-A763-F0B4568D045E}.Release|Any CPU.ActiveCfg = Release|Any CPU
		{57F493F0-2BB6-4F2D-A763-F0B4568D045E}.Release|Any CPU.Build.0 = Release|Any CPU
		{005DA744-652C-4137-821E-CD2ADF92A7D6}.Debug|Any CPU.ActiveCfg = Debug|Any CPU
		{005DA744-652C-4137-821E-CD2ADF92A7D6}.Debug|Any CPU.Build.0 = Debug|Any CPU
		{005DA744-652C-4137-821E-CD2ADF92A7D6}.Release|Any CPU.ActiveCfg = Release|Any CPU
		{005DA744-652C-4137-821E-CD2ADF92A7D6}.Release|Any CPU.Build.0 = Release|Any CPU
	EndGlobalSection
	GlobalSection(SolutionProperties) = preSolution
		HideSolutionNode = FALSE
	EndGlobalSection
	GlobalSection(NestedProjects) = preSolution
		{240BE36D-14CE-41E2-9A36-6EACAE61D916} = {54DD0AFE-7C27-4D67-B7B6-19571EA58548}
		{C5E2F57B-6E84-4F70-9D90-A8B411D99EB7} = {A23A4292-92C6-40AE-9B5D-B4AF6CF7B7F7}
		{A358339D-7E70-4748-BA41-D3B2CC06AE86} = {DED72F13-F55B-4046-9FEA-A8460498A862}
		{57F493F0-2BB6-4F2D-A763-F0B4568D045E} = {98609C6A-2C10-4D5C-ADF6-00C6F2D5DBA8}
		{005DA744-652C-4137-821E-CD2ADF92A7D6} = {DED72F13-F55B-4046-9FEA-A8460498A862}
	EndGlobalSection
EndGlobal
